<?xml version="1.0" encoding="UTF-8" standalone="yes" ?>
<CodeBlocks_project_file>
	<FileVersion major="1" minor="6" />
	<Project>
		<Option title="Textgame_MVP" />
		<Option pch_mode="2" />
		<Option compiler="gcc" />
		<Build>
			<Target title="Debug">
				<Option output="bin/Debug/Textgame_MVP" prefix_auto="1" extension_auto="1" />
				<Option object_output="obj/Debug/" />
				<Option type="1" />
				<Option compiler="gcc" />
				<Compiler>
					<Add option="-g" />
				</Compiler>
			</Target>
			<Target title="Release">
				<Option output="bin/Release/Textgame_MVP" prefix_auto="1" extension_auto="1" />
				<Option object_output="obj/Release/" />
				<Option type="1" />
				<Option compiler="gcc" />
				<Compiler>
					<Add option="-O2" />
				</Compiler>
				<Linker>
					<Add option="-s" />
				</Linker>
			</Target>
		</Build>
		<Compiler>
			<Add option="-Wall" />
		</Compiler>
		<Unit filename="People/Character.cpp" />
		<Unit filename="People/Character.h" />
		<Unit filename="People/Player.cpp" />
		<Unit filename="People/Player.h" />
		<Unit filename="Tools/Command.cpp" />
		<Unit filename="Tools/Command.h" />
		<Unit filename="Tools/Container.cpp" />
		<Unit filename="Tools/Container.h" />
		<Unit filename="Tools/Direction.cpp" />
		<Unit filename="Tools/Direction.h" />
		<Unit filename="Tools/Parser.cpp" />
		<Unit filename="Tools/Parser.h" />
		<Unit filename="World/Location.cpp" />
		<Unit filename="World/Location.h" />
		<Unit filename="World/Object.cpp" />
		<Unit filename="World/Object.h" />
		<Unit filename="World/Path.cpp" />
		<Unit filename="World/Path.h" />
		<Unit filename="World/World.cpp" />
		<Unit filename="World/World.h" />
		<Unit filename="World/definitions.cpp" />
		<Unit filename="headers.h" />
		<Unit filename="main.cpp" />
		<Unit filename="todo.h" />
		<Extensions>
			<code_completion />
			<envvars />
			<debugger />
			<lib_finder disable_auto="1" />
		</Extensions>
	</Project>
</CodeBlocks_project_file>
